
Microsoft Visual Studio Solution File, Format Version 12.00
# Visual Studio 15
VisualStudioVersion = 15.0.27004.2006
MinimumVisualStudioVersion = 10.0.40219.1
Project("{FAE04EC0-301F-11D3-BF4B-00C04F79EFBC}") = "Kata20180130_CodeDogCatchCat", "Kata20180130_CodeDogCatchCat\Kata20180130_CodeDogCatchCat.csproj", "{9ABFBB63-3817-4B9D-B491-E02E676E305A}"
EndProject
Global
	GlobalSection(SolutionConfigurationPlatforms) = preSolution
		Debug|Any CPU = Debug|Any CPU
		Release|Any CPU = Release|Any CPU
	EndGlobalSection
	GlobalSection(ProjectConfigurationPlatforms) = postSolution
		{9ABFBB63-3817-4B9D-B491-E02E676E305A}.Debug|Any CPU.ActiveCfg = Debug|Any CPU
		{9ABFBB63-3817-4B9D-B491-E02E676E305A}.Debug|Any CPU.Build.0 = Debug|Any CPU
		{9ABFBB63-3817-4B9D-B491-E02E676E305A}.Release|Any CPU.ActiveCfg = Release|Any CPU
		{9ABFBB63-3817-4B9D-B491-E02E676E305A}.Release|Any CPU.Build.0 = Release|Any CPU
	EndGlobalSection
	GlobalSection(SolutionProperties) = preSolution
		HideSolutionNode = FALSE
	EndGlobalSection
	GlobalSection(ExtensibilityGlobals) = postSolution
		SolutionGuid = {DD1BB792-D3E6-499E-9573-6F56D1E0457B}
	EndGlobalSection
EndGlobal
